// !$*UTF8*$!
{
	archiveVersion = 1;
	classes = {
	};
	objectVersion = 56;
	objects = {

/* Begin PBXBuildFile section */
		444C130C29E71DC800F0C994 /* ProgressView.swift in Sources */ = {isa = PBXBuildFile; fileRef = 444C130B29E71DC800F0C994 /* ProgressView.swift */; };
		444DED9629CB6968001EE65C /* WeekView.swift in Sources */ = {isa = PBXBuildFile; fileRef = 444DED9529CB6968001EE65C /* WeekView.swift */; };
		444DED9829CB8085001EE65C /* WeekdayView.swift in Sources */ = {isa = PBXBuildFile; fileRef = 444DED9729CB8085001EE65C /* WeekdayView.swift */; };
		444DED9A29CF7647001EE65C /* Date + ext.swift in Sources */ = {isa = PBXBuildFile; fileRef = 444DED9929CF7647001EE65C /* Date + ext.swift */; };
		444DED9D29D36915001EE65C /* WABaseInfoView.swift in Sources */ = {isa = PBXBuildFile; fileRef = 444DED9C29D36915001EE65C /* WABaseInfoView.swift */; };
		4451F46A29A90A4800C189F3 /* AppDelegate.swift in Sources */ = {isa = PBXBuildFile; fileRef = 4451F46929A90A4800C189F3 /* AppDelegate.swift */; };
		4451F46C29A90A4800C189F3 /* SceneDelegate.swift in Sources */ = {isa = PBXBuildFile; fileRef = 4451F46B29A90A4800C189F3 /* SceneDelegate.swift */; };
		4451F46E29A90A4800C189F3 /* OverViewController.swift in Sources */ = {isa = PBXBuildFile; fileRef = 4451F46D29A90A4800C189F3 /* OverViewController.swift */; };
		4451F47329A90A4A00C189F3 /* Assets.xcassets in Resources */ = {isa = PBXBuildFile; fileRef = 4451F47229A90A4A00C189F3 /* Assets.xcassets */; };
		4451F47629A90A4A00C189F3 /* LaunchScreen.storyboard in Resources */ = {isa = PBXBuildFile; fileRef = 4451F47429A90A4A00C189F3 /* LaunchScreen.storyboard */; };
		4451F48129A9394F00C189F3 /* TabBarController.swift in Sources */ = {isa = PBXBuildFile; fileRef = 4451F48029A9394F00C189F3 /* TabBarController.swift */; };
		4451F48429ABC0C500C189F3 /* UIColor + ext.swift in Sources */ = {isa = PBXBuildFile; fileRef = 4451F48329ABC0C500C189F3 /* UIColor + ext.swift */; };
		4451F48829ACFD1000C189F3 /* Resouces.swift in Sources */ = {isa = PBXBuildFile; fileRef = 4451F48729ACFD1000C189F3 /* Resouces.swift */; };
		4451F48A29B0F99600C189F3 /* NavBarController.swift in Sources */ = {isa = PBXBuildFile; fileRef = 4451F48929B0F99600C189F3 /* NavBarController.swift */; };
		4451F48D29B1277000C189F3 /* WABaseController.swift in Sources */ = {isa = PBXBuildFile; fileRef = 4451F48C29B1277000C189F3 /* WABaseController.swift */; };
		4451F48F29B1367800C189F3 /* UIView + ext.swift in Sources */ = {isa = PBXBuildFile; fileRef = 4451F48E29B1367800C189F3 /* UIView + ext.swift */; };
		4451F49629B261F100C189F3 /* SessionController.swift in Sources */ = {isa = PBXBuildFile; fileRef = 4451F49529B261F100C189F3 /* SessionController.swift */; };
		4451F49829B2622D00C189F3 /* ProgressController.swift in Sources */ = {isa = PBXBuildFile; fileRef = 4451F49729B2622D00C189F3 /* ProgressController.swift */; };
		4451F49A29B2626C00C189F3 /* SettingsController.swift in Sources */ = {isa = PBXBuildFile; fileRef = 4451F49929B2626C00C189F3 /* SettingsController.swift */; };
		4487EB8F29E71FA400E74B93 /* TimerView.swift in Sources */ = {isa = PBXBuildFile; fileRef = 4487EB8E29E71FA400E74B93 /* TimerView.swift */; };
		44BA1A0329BCC18800021B2C /* WAButton.swift in Sources */ = {isa = PBXBuildFile; fileRef = 44BA1A0229BCC18800021B2C /* WAButton.swift */; };
		44BA1A0529C0E78600021B2C /* OverviewNavBar.swift in Sources */ = {isa = PBXBuildFile; fileRef = 44BA1A0429C0E78600021B2C /* OverviewNavBar.swift */; };
		44BA1A0729C1F57200021B2C /* BaseView.swift in Sources */ = {isa = PBXBuildFile; fileRef = 44BA1A0629C1F57200021B2C /* BaseView.swift */; };
/* End PBXBuildFile section */

/* Begin PBXFileReference section */
		444C130B29E71DC800F0C994 /* ProgressView.swift */ = {isa = PBXFileReference; lastKnownFileType = sourcecode.swift; path = ProgressView.swift; sourceTree = "<group>"; };
		444DED9529CB6968001EE65C /* WeekView.swift */ = {isa = PBXFileReference; lastKnownFileType = sourcecode.swift; path = WeekView.swift; sourceTree = "<group>"; };
		444DED9729CB8085001EE65C /* WeekdayView.swift */ = {isa = PBXFileReference; lastKnownFileType = sourcecode.swift; path = WeekdayView.swift; sourceTree = "<group>"; };
		444DED9929CF7647001EE65C /* Date + ext.swift */ = {isa = PBXFileReference; lastKnownFileType = sourcecode.swift; path = "Date + ext.swift"; sourceTree = "<group>"; };
		444DED9C29D36915001EE65C /* WABaseInfoView.swift */ = {isa = PBXFileReference; lastKnownFileType = sourcecode.swift; path = WABaseInfoView.swift; sourceTree = "<group>"; };
		4451F46629A90A4800C189F3 /* WorkoutAppVerTwo.app */ = {isa = PBXFileReference; explicitFileType = wrapper.application; includeInIndex = 0; path = WorkoutAppVerTwo.app; sourceTree = BUILT_PRODUCTS_DIR; };
		4451F46929A90A4800C189F3 /* AppDelegate.swift */ = {isa = PBXFileReference; lastKnownFileType = sourcecode.swift; path = AppDelegate.swift; sourceTree = "<group>"; };
		4451F46B29A90A4800C189F3 /* SceneDelegate.swift */ = {isa = PBXFileReference; lastKnownFileType = sourcecode.swift; path = SceneDelegate.swift; sourceTree = "<group>"; };
		4451F46D29A90A4800C189F3 /* OverViewController.swift */ = {isa = PBXFileReference; lastKnownFileType = sourcecode.swift; path = OverViewController.swift; sourceTree = "<group>"; };
		4451F47229A90A4A00C189F3 /* Assets.xcassets */ = {isa = PBXFileReference; lastKnownFileType = folder.assetcatalog; path = Assets.xcassets; sourceTree = "<group>"; };
		4451F47529A90A4A00C189F3 /* Base */ = {isa = PBXFileReference; lastKnownFileType = file.storyboard; name = Base; path = Base.lproj/LaunchScreen.storyboard; sourceTree = "<group>"; };
		4451F47729A90A4A00C189F3 /* Info.plist */ = {isa = PBXFileReference; lastKnownFileType = text.plist.xml; path = Info.plist; sourceTree = "<group>"; };
		4451F48029A9394F00C189F3 /* TabBarController.swift */ = {isa = PBXFileReference; lastKnownFileType = sourcecode.swift; path = TabBarController.swift; sourceTree = "<group>"; };
		4451F48329ABC0C500C189F3 /* UIColor + ext.swift */ = {isa = PBXFileReference; lastKnownFileType = sourcecode.swift; path = "UIColor + ext.swift"; sourceTree = "<group>"; };
		4451F48729ACFD1000C189F3 /* Resouces.swift */ = {isa = PBXFileReference; lastKnownFileType = sourcecode.swift; path = Resouces.swift; sourceTree = "<group>"; };
		4451F48929B0F99600C189F3 /* NavBarController.swift */ = {isa = PBXFileReference; lastKnownFileType = sourcecode.swift; path = NavBarController.swift; sourceTree = "<group>"; };
		4451F48C29B1277000C189F3 /* WABaseController.swift */ = {isa = PBXFileReference; lastKnownFileType = sourcecode.swift; path = WABaseController.swift; sourceTree = "<group>"; };
		4451F48E29B1367800C189F3 /* UIView + ext.swift */ = {isa = PBXFileReference; lastKnownFileType = sourcecode.swift; path = "UIView + ext.swift"; sourceTree = "<group>"; };
		4451F49529B261F100C189F3 /* SessionController.swift */ = {isa = PBXFileReference; lastKnownFileType = sourcecode.swift; path = SessionController.swift; sourceTree = "<group>"; };
		4451F49729B2622D00C189F3 /* ProgressController.swift */ = {isa = PBXFileReference; lastKnownFileType = sourcecode.swift; path = ProgressController.swift; sourceTree = "<group>"; };
		4451F49929B2626C00C189F3 /* SettingsController.swift */ = {isa = PBXFileReference; lastKnownFileType = sourcecode.swift; path = SettingsController.swift; sourceTree = "<group>"; };
		4487EB8E29E71FA400E74B93 /* TimerView.swift */ = {isa = PBXFileReference; lastKnownFileType = sourcecode.swift; path = TimerView.swift; sourceTree = "<group>"; };
		44BA1A0229BCC18800021B2C /* WAButton.swift */ = {isa = PBXFileReference; lastKnownFileType = sourcecode.swift; path = WAButton.swift; sourceTree = "<group>"; };
		44BA1A0429C0E78600021B2C /* OverviewNavBar.swift */ = {isa = PBXFileReference; lastKnownFileType = sourcecode.swift; path = OverviewNavBar.swift; sourceTree = "<group>"; };
		44BA1A0629C1F57200021B2C /* BaseView.swift */ = {isa = PBXFileReference; lastKnownFileType = sourcecode.swift; path = BaseView.swift; sourceTree = "<group>"; };
/* End PBXFileReference section */

/* Begin PBXFrameworksBuildPhase section */
		4451F46329A90A4800C189F3 /* Frameworks */ = {
			isa = PBXFrameworksBuildPhase;
			buildActionMask = 2147483647;
			files = (
			);
			runOnlyForDeploymentPostprocessing = 0;
		};
/* End PBXFrameworksBuildPhase section */

/* Begin PBXGroup section */
		444C130629E71CDF00F0C994 /* Views */ = {
			isa = PBXGroup;
			children = (
				444C130929E71DB100F0C994 /* Timer */,
			);
			path = Views;
			sourceTree = "<group>";
		};
		444C130929E71DB100F0C994 /* Timer */ = {
			isa = PBXGroup;
			children = (
				4487EB8E29E71FA400E74B93 /* TimerView.swift */,
				444C130B29E71DC800F0C994 /* ProgressView.swift */,
			);
			path = Timer;
			sourceTree = "<group>";
		};
		444DED9429CB6950001EE65C /* WeekView */ = {
			isa = PBXGroup;
			children = (
				444DED9529CB6968001EE65C /* WeekView.swift */,
				444DED9729CB8085001EE65C /* WeekdayView.swift */,
			);
			path = WeekView;
			sourceTree = "<group>";
		};
		444DED9B29D368E4001EE65C /* Views */ = {
			isa = PBXGroup;
			children = (
				44BA1A0629C1F57200021B2C /* BaseView.swift */,
				444DED9C29D36915001EE65C /* WABaseInfoView.swift */,
			);
			path = Views;
			sourceTree = "<group>";
		};
		4451F45D29A90A4800C189F3 = {
			isa = PBXGroup;
			children = (
				4451F46829A90A4800C189F3 /* WorkoutAppVerTwo */,
				4451F46729A90A4800C189F3 /* Products */,
			);
			sourceTree = "<group>";
		};
		4451F46729A90A4800C189F3 /* Products */ = {
			isa = PBXGroup;
			children = (
				4451F46629A90A4800C189F3 /* WorkoutAppVerTwo.app */,
			);
			name = Products;
			sourceTree = "<group>";
		};
		4451F46829A90A4800C189F3 /* WorkoutAppVerTwo */ = {
			isa = PBXGroup;
			children = (
				4451F48229ABC0A100C189F3 /* Helpers */,
				4451F47E29A90E6B00C189F3 /* Application  */,
				4451F48B29B1268900C189F3 /* Controllers */,
				4451F47F29A90E8B00C189F3 /* SupportingFiles */,
			);
			path = WorkoutAppVerTwo;
			sourceTree = "<group>";
		};
		4451F47E29A90E6B00C189F3 /* Application  */ = {
			isa = PBXGroup;
			children = (
				4451F46929A90A4800C189F3 /* AppDelegate.swift */,
				4451F46B29A90A4800C189F3 /* SceneDelegate.swift */,
			);
			path = "Application ";
			sourceTree = "<group>";
		};
		4451F47F29A90E8B00C189F3 /* SupportingFiles */ = {
			isa = PBXGroup;
			children = (
				4451F47229A90A4A00C189F3 /* Assets.xcassets */,
				4451F47429A90A4A00C189F3 /* LaunchScreen.storyboard */,
				4451F47729A90A4A00C189F3 /* Info.plist */,
			);
			path = SupportingFiles;
			sourceTree = "<group>";
		};
		4451F48229ABC0A100C189F3 /* Helpers */ = {
			isa = PBXGroup;
			children = (
				4451F48629ACF70700C189F3 /* Extention */,
				4451F48729ACFD1000C189F3 /* Resouces.swift */,
			);
			path = Helpers;
			sourceTree = "<group>";
		};
		4451F48629ACF70700C189F3 /* Extention */ = {
			isa = PBXGroup;
			children = (
				4451F48329ABC0C500C189F3 /* UIColor + ext.swift */,
				4451F48E29B1367800C189F3 /* UIView + ext.swift */,
				444DED9929CF7647001EE65C /* Date + ext.swift */,
			);
			path = Extention;
			sourceTree = "<group>";
		};
		4451F48B29B1268900C189F3 /* Controllers */ = {
			isa = PBXGroup;
			children = (
				4451F49429B261BF00C189F3 /* Settings */,
				4451F49329B261B100C189F3 /* Progress */,
				4451F49229B261A800C189F3 /* Session */,
				4451F49129B2619B00C189F3 /* OverView */,
				4451F49029B2617D00C189F3 /* Base */,
			);
			path = Controllers;
			sourceTree = "<group>";
		};
		4451F49029B2617D00C189F3 /* Base */ = {
			isa = PBXGroup;
			children = (
				444DED9B29D368E4001EE65C /* Views */,
				44BA1A0229BCC18800021B2C /* WAButton.swift */,
				4451F48029A9394F00C189F3 /* TabBarController.swift */,
				4451F48929B0F99600C189F3 /* NavBarController.swift */,
				4451F48C29B1277000C189F3 /* WABaseController.swift */,
			);
			path = Base;
			sourceTree = "<group>";
		};
		4451F49129B2619B00C189F3 /* OverView */ = {
			isa = PBXGroup;
			children = (
				44BA1A0129BCC15300021B2C /* Views */,
				4451F46D29A90A4800C189F3 /* OverViewController.swift */,
			);
			path = OverView;
			sourceTree = "<group>";
		};
		4451F49229B261A800C189F3 /* Session */ = {
			isa = PBXGroup;
			children = (
				444C130629E71CDF00F0C994 /* Views */,
				4451F49529B261F100C189F3 /* SessionController.swift */,
			);
			path = Session;
			sourceTree = "<group>";
		};
		4451F49329B261B100C189F3 /* Progress */ = {
			isa = PBXGroup;
			children = (
				4451F49729B2622D00C189F3 /* ProgressController.swift */,
			);
			path = Progress;
			sourceTree = "<group>";
		};
		4451F49429B261BF00C189F3 /* Settings */ = {
			isa = PBXGroup;
			children = (
				4451F49929B2626C00C189F3 /* SettingsController.swift */,
			);
			path = Settings;
			sourceTree = "<group>";
		};
		44BA1A0129BCC15300021B2C /* Views */ = {
			isa = PBXGroup;
			children = (
				444DED9429CB6950001EE65C /* WeekView */,
				44BA1A0429C0E78600021B2C /* OverviewNavBar.swift */,
			);
			path = Views;
			sourceTree = "<group>";
		};
/* End PBXGroup section */

/* Begin PBXNativeTarget section */
		4451F46529A90A4800C189F3 /* WorkoutAppVerTwo */ = {
			isa = PBXNativeTarget;
			buildConfigurationList = 4451F47A29A90A4A00C189F3 /* Build configuration list for PBXNativeTarget "WorkoutAppVerTwo" */;
			buildPhases = (
				4451F46229A90A4800C189F3 /* Sources */,
				4451F46329A90A4800C189F3 /* Frameworks */,
				4451F46429A90A4800C189F3 /* Resources */,
			);
			buildRules = (
			);
			dependencies = (
			);
			name = WorkoutAppVerTwo;
			productName = WorkoutAppVerTwo;
			productReference = 4451F46629A90A4800C189F3 /* WorkoutAppVerTwo.app */;
			productType = "com.apple.product-type.application";
		};
/* End PBXNativeTarget section */

/* Begin PBXProject section */
		4451F45E29A90A4800C189F3 /* Project object */ = {
			isa = PBXProject;
			attributes = {
				BuildIndependentTargetsInParallel = 1;
				LastSwiftUpdateCheck = 1400;
				LastUpgradeCheck = 1400;
				TargetAttributes = {
					4451F46529A90A4800C189F3 = {
						CreatedOnToolsVersion = 14.0;
					};
				};
			};
			buildConfigurationList = 4451F46129A90A4800C189F3 /* Build configuration list for PBXProject "WorkoutAppVerTwo" */;
			compatibilityVersion = "Xcode 14.0";
			developmentRegion = en;
			hasScannedForEncodings = 0;
			knownRegions = (
				en,
				Base,
			);
			mainGroup = 4451F45D29A90A4800C189F3;
			productRefGroup = 4451F46729A90A4800C189F3 /* Products */;
			projectDirPath = "";
			projectRoot = "";
			targets = (
				4451F46529A90A4800C189F3 /* WorkoutAppVerTwo */,
			);
		};
/* End PBXProject section */

/* Begin PBXResourcesBuildPhase section */
		4451F46429A90A4800C189F3 /* Resources */ = {
			isa = PBXResourcesBuildPhase;
			buildActionMask = 2147483647;
			files = (
				4451F47629A90A4A00C189F3 /* LaunchScreen.storyboard in Resources */,
				4451F47329A90A4A00C189F3 /* Assets.xcassets in Resources */,
			);
			runOnlyForDeploymentPostprocessing = 0;
		};
/* End PBXResourcesBuildPhase section */

/* Begin PBXSourcesBuildPhase section */
		4451F46229A90A4800C189F3 /* Sources */ = {
			isa = PBXSourcesBuildPhase;
			buildActionMask = 2147483647;
			files = (
				4487EB8F29E71FA400E74B93 /* TimerView.swift in Sources */,
				444DED9629CB6968001EE65C /* WeekView.swift in Sources */,
				4451F46E29A90A4800C189F3 /* OverViewController.swift in Sources */,
				4451F48F29B1367800C189F3 /* UIView + ext.swift in Sources */,
				44BA1A0529C0E78600021B2C /* OverviewNavBar.swift in Sources */,
				444DED9829CB8085001EE65C /* WeekdayView.swift in Sources */,
				4451F48129A9394F00C189F3 /* TabBarController.swift in Sources */,
				4451F46A29A90A4800C189F3 /* AppDelegate.swift in Sources */,
				444DED9A29CF7647001EE65C /* Date + ext.swift in Sources */,
				4451F48A29B0F99600C189F3 /* NavBarController.swift in Sources */,
				444DED9D29D36915001EE65C /* WABaseInfoView.swift in Sources */,
				444C130C29E71DC800F0C994 /* ProgressView.swift in Sources */,
				4451F49829B2622D00C189F3 /* ProgressController.swift in Sources */,
				44BA1A0329BCC18800021B2C /* WAButton.swift in Sources */,
				4451F48829ACFD1000C189F3 /* Resouces.swift in Sources */,
				4451F46C29A90A4800C189F3 /* SceneDelegate.swift in Sources */,
				4451F49A29B2626C00C189F3 /* SettingsController.swift in Sources */,
				4451F48D29B1277000C189F3 /* WABaseController.swift in Sources */,
				44BA1A0729C1F57200021B2C /* BaseView.swift in Sources */,
				4451F49629B261F100C189F3 /* SessionController.swift in Sources */,
				4451F48429ABC0C500C189F3 /* UIColor + ext.swift in Sources */,
			);
			runOnlyForDeploymentPostprocessing = 0;
		};
/* End PBXSourcesBuildPhase section */

/* Begin PBXVariantGroup section */
		4451F47429A90A4A00C189F3 /* LaunchScreen.storyboard */ = {
			isa = PBXVariantGroup;
			children = (
				4451F47529A90A4A00C189F3 /* Base */,
			);
			name = LaunchScreen.storyboard;
			sourceTree = "<group>";
		};
/* End PBXVariantGroup section */

/* Begin XCBuildConfiguration section */
		4451F47829A90A4A00C189F3 /* Debug */ = {
			isa = XCBuildConfiguration;
			buildSettings = {
				ALWAYS_SEARCH_USER_PATHS = NO;
				CLANG_ANALYZER_NONNULL = YES;
				CLANG_ANALYZER_NUMBER_OBJECT_CONVERSION = YES_AGGRESSIVE;
				CLANG_CXX_LANGUAGE_STANDARD = "gnu++20";
				CLANG_ENABLE_MODULES = YES;
				CLANG_ENABLE_OBJC_ARC = YES;
				CLANG_ENABLE_OBJC_WEAK = YES;
				CLANG_WARN_BLOCK_CAPTURE_AUTORELEASING = YES;
				CLANG_WARN_BOOL_CONVERSION = YES;
				CLANG_WARN_COMMA = YES;
				CLANG_WARN_CONSTANT_CONVERSION = YES;
				CLANG_WARN_DEPRECATED_OBJC_IMPLEMENTATIONS = YES;
				CLANG_WARN_DIRECT_OBJC_ISA_USAGE = YES_ERROR;
				CLANG_WARN_DOCUMENTATION_COMMENTS = YES;
				CLANG_WARN_EMPTY_BODY = YES;
				CLANG_WARN_ENUM_CONVERSION = YES;
				CLANG_WARN_INFINITE_RECURSION = YES;
				CLANG_WARN_INT_CONVERSION = YES;
				CLANG_WARN_NON_LITERAL_NULL_CONVERSION = YES;
				CLANG_WARN_OBJC_IMPLICIT_RETAIN_SELF = YES;
				CLANG_WARN_OBJC_LITERAL_CONVERSION = YES;
				CLANG_WARN_OBJC_ROOT_CLASS = YES_ERROR;
				CLANG_WARN_QUOTED_INCLUDE_IN_FRAMEWORK_HEADER = YES;
				CLANG_WARN_RANGE_LOOP_ANALYSIS = YES;
				CLANG_WARN_STRICT_PROTOTYPES = YES;
				CLANG_WARN_SUSPICIOUS_MOVE = YES;
				CLANG_WARN_UNGUARDED_AVAILABILITY = YES_AGGRESSIVE;
				CLANG_WARN_UNREACHABLE_CODE = YES;
				CLANG_WARN__DUPLICATE_METHOD_MATCH = YES;
				COPY_PHASE_STRIP = NO;
				DEBUG_INFORMATION_FORMAT = dwarf;
				ENABLE_STRICT_OBJC_MSGSEND = YES;
				ENABLE_TESTABILITY = YES;
				GCC_C_LANGUAGE_STANDARD = gnu11;
				GCC_DYNAMIC_NO_PIC = NO;
				GCC_NO_COMMON_BLOCKS = YES;
				GCC_OPTIMIZATION_LEVEL = 0;
				GCC_PREPROCESSOR_DEFINITIONS = (
					"DEBUG=1",
					"$(inherited)",
				);
				GCC_WARN_64_TO_32_BIT_CONVERSION = YES;
				GCC_WARN_ABOUT_RETURN_TYPE = YES_ERROR;
				GCC_WARN_UNDECLARED_SELECTOR = YES;
				GCC_WARN_UNINITIALIZED_AUTOS = YES_AGGRESSIVE;
				GCC_WARN_UNUSED_FUNCTION = YES;
				GCC_WARN_UNUSED_VARIABLE = YES;
				IPHONEOS_DEPLOYMENT_TARGET = 16.0;
				MTL_ENABLE_DEBUG_INFO = INCLUDE_SOURCE;
				MTL_FAST_MATH = YES;
				ONLY_ACTIVE_ARCH = YES;
				SDKROOT = iphoneos;
				SWIFT_ACTIVE_COMPILATION_CONDITIONS = DEBUG;
				SWIFT_OPTIMIZATION_LEVEL = "-Onone";
			};
			name = Debug;
		};
		4451F47929A90A4A00C189F3 /* Release */ = {
			isa = XCBuildConfiguration;
			buildSettings = {
				ALWAYS_SEARCH_USER_PATHS = NO;
				CLANG_ANALYZER_NONNULL = YES;
				CLANG_ANALYZER_NUMBER_OBJECT_CONVERSION = YES_AGGRESSIVE;
				CLANG_CXX_LANGUAGE_STANDARD = "gnu++20";
				CLANG_ENABLE_MODULES = YES;
				CLANG_ENABLE_OBJC_ARC = YES;
				CLANG_ENABLE_OBJC_WEAK = YES;
				CLANG_WARN_BLOCK_CAPTURE_AUTORELEASING = YES;
				CLANG_WARN_BOOL_CONVERSION = YES;
				CLANG_WARN_COMMA = YES;
				CLANG_WARN_CONSTANT_CONVERSION = YES;
				CLANG_WARN_DEPRECATED_OBJC_IMPLEMENTATIONS = YES;
				CLANG_WARN_DIRECT_OBJC_ISA_USAGE = YES_ERROR;
				CLANG_WARN_DOCUMENTATION_COMMENTS = YES;
				CLANG_WARN_EMPTY_BODY = YES;
				CLANG_WARN_ENUM_CONVERSION = YES;
				CLANG_WARN_INFINITE_RECURSION = YES;
				CLANG_WARN_INT_CONVERSION = YES;
				CLANG_WARN_NON_LITERAL_NULL_CONVERSION = YES;
				CLANG_WARN_OBJC_IMPLICIT_RETAIN_SELF = YES;
				CLANG_WARN_OBJC_LITERAL_CONVERSION = YES;
				CLANG_WARN_OBJC_ROOT_CLASS = YES_ERROR;
				CLANG_WARN_QUOTED_INCLUDE_IN_FRAMEWORK_HEADER = YES;
				CLANG_WARN_RANGE_LOOP_ANALYSIS = YES;
				CLANG_WARN_STRICT_PROTOTYPES = YES;
				CLANG_WARN_SUSPICIOUS_MOVE = YES;
				CLANG_WARN_UNGUARDED_AVAILABILITY = YES_AGGRESSIVE;
				CLANG_WARN_UNREACHABLE_CODE = YES;
				CLANG_WARN__DUPLICATE_METHOD_MATCH = YES;
				COPY_PHASE_STRIP = NO;
				DEBUG_INFORMATION_FORMAT = "dwarf-with-dsym";
				ENABLE_NS_ASSERTIONS = NO;
				ENABLE_STRICT_OBJC_MSGSEND = YES;
				GCC_C_LANGUAGE_STANDARD = gnu11;
				GCC_NO_COMMON_BLOCKS = YES;
				GCC_WARN_64_TO_32_BIT_CONVERSION = YES;
				GCC_WARN_ABOUT_RETURN_TYPE = YES_ERROR;
				GCC_WARN_UNDECLARED_SELECTOR = YES;
				GCC_WARN_UNINITIALIZED_AUTOS = YES_AGGRESSIVE;
				GCC_WARN_UNUSED_FUNCTION = YES;
				GCC_WARN_UNUSED_VARIABLE = YES;
				IPHONEOS_DEPLOYMENT_TARGET = 16.0;
				MTL_ENABLE_DEBUG_INFO = NO;
				MTL_FAST_MATH = YES;
				SDKROOT = iphoneos;
				SWIFT_COMPILATION_MODE = wholemodule;
				SWIFT_OPTIMIZATION_LEVEL = "-O";
				VALIDATE_PRODUCT = YES;
			};
			name = Release;
		};
		4451F47B29A90A4A00C189F3 /* Debug */ = {
			isa = XCBuildConfiguration;
			buildSettings = {
				ASSETCATALOG_COMPILER_APPICON_NAME = AppIcon;
				ASSETCATALOG_COMPILER_GLOBAL_ACCENT_COLOR_NAME = AccentColor;
				CODE_SIGN_STYLE = Automatic;
				CURRENT_PROJECT_VERSION = 1;
				DEVELOPMENT_TEAM = QY8YQ47QZU;
				GENERATE_INFOPLIST_FILE = YES;
				INFOPLIST_FILE = WorkoutAppVerTwo/SupportingFiles/Info.plist;
				INFOPLIST_KEY_UIApplicationSupportsIndirectInputEvents = YES;
				INFOPLIST_KEY_UILaunchStoryboardName = LaunchScreen;
				INFOPLIST_KEY_UISupportedInterfaceOrientations = UIInterfaceOrientationPortrait;
				INFOPLIST_KEY_UISupportedInterfaceOrientations_iPad = "UIInterfaceOrientationLandscapeLeft UIInterfaceOrientationLandscapeRight UIInterfaceOrientationPortrait UIInterfaceOrientationPortraitUpsideDown";
				LD_RUNPATH_SEARCH_PATHS = (
					"$(inherited)",
					"@executable_path/Frameworks",
				);
				MARKETING_VERSION = 1.0;
				PRODUCT_BUNDLE_IDENTIFIER = RuslanBelov.WorkoutAppVerTwo;
				PRODUCT_NAME = "$(TARGET_NAME)";
				SWIFT_EMIT_LOC_STRINGS = YES;
				SWIFT_VERSION = 5.0;
				TARGETED_DEVICE_FAMILY = "1,2";
			};
			name = Debug;
		};
		4451F47C29A90A4A00C189F3 /* Release */ = {
			isa = XCBuildConfiguration;
			buildSettings = {
				ASSETCATALOG_COMPILER_APPICON_NAME = AppIcon;
				ASSETCATALOG_COMPILER_GLOBAL_ACCENT_COLOR_NAME = AccentColor;
				CODE_SIGN_STYLE = Automatic;
				CURRENT_PROJECT_VERSION = 1;
				DEVELOPMENT_TEAM = QY8YQ47QZU;
				GENERATE_INFOPLIST_FILE = YES;
				INFOPLIST_FILE = WorkoutAppVerTwo/SupportingFiles/Info.plist;
				INFOPLIST_KEY_UIApplicationSupportsIndirectInputEvents = YES;
				INFOPLIST_KEY_UILaunchStoryboardName = LaunchScreen;
				INFOPLIST_KEY_UISupportedInterfaceOrientations = UIInterfaceOrientationPortrait;
				INFOPLIST_KEY_UISupportedInterfaceOrientations_iPad = "UIInterfaceOrientationLandscapeLeft UIInterfaceOrientationLandscapeRight UIInterfaceOrientationPortrait UIInterfaceOrientationPortraitUpsideDown";
				LD_RUNPATH_SEARCH_PATHS = (
					"$(inherited)",
					"@executable_path/Frameworks",
				);
				MARKETING_VERSION = 1.0;
				PRODUCT_BUNDLE_IDENTIFIER = RuslanBelov.WorkoutAppVerTwo;
				PRODUCT_NAME = "$(TARGET_NAME)";
				SWIFT_EMIT_LOC_STRINGS = YES;
				SWIFT_VERSION = 5.0;
				TARGETED_DEVICE_FAMILY = "1,2";
			};
			name = Release;
		};
/* End XCBuildConfiguration section */

/* Begin XCConfigurationList section */
		4451F46129A90A4800C189F3 /* Build configuration list for PBXProject "WorkoutAppVerTwo" */ = {
			isa = XCConfigurationList;
			buildConfigurations = (
				4451F47829A90A4A00C189F3 /* Debug */,
				4451F47929A90A4A00C189F3 /* Release */,
			);
			defaultConfigurationIsVisible = 0;
			defaultConfigurationName = Release;
		};
		4451F47A29A90A4A00C189F3 /* Build configuration list for PBXNativeTarget "WorkoutAppVerTwo" */ = {
			isa = XCConfigurationList;
			buildConfigurations = (
				4451F47B29A90A4A00C189F3 /* Debug */,
				4451F47C29A90A4A00C189F3 /* Release */,
			);
			defaultConfigurationIsVisible = 0;
			defaultConfigurationName = Release;
		};
/* End XCConfigurationList section */
	};
	rootObject = 4451F45E29A90A4800C189F3 /* Project object */;
}
